Microsoft Visual Studio Solution File, Format Version 12.00
# Visual Studio Version 17
VisualStudioVersion = 17.5.2.0
MinimumVisualStudioVersion = 10.0.40219.1
Project("{FAE04EC0-301F-11D3-BF4B-00C04F79EFBC}") = "customAgentsSdkApp", "customAgentsSdkApp\customAgentsSdkApp.csproj", "{FAFB0899-302A-9CAB-AA4E-4074B2F7D491}"
EndProject
Project("{FAE04EC0-301F-11D3-BF4B-00C04F79EFBC}") = "firstSdkApp", "firstSdkApp\firstSdkApp.csproj", "{7A873D58-C01E-BFBB-5534-2E5A59CFCCFF}"
EndProject
Project("{FAE04EC0-301F-11D3-BF4B-00C04F79EFBC}") = "toolCallSdkApp", "toolCallSdkApp\toolCallSdkApp.csproj", "{2DD79D18-E924-4CBF-F884-EDA77F5F5CBD}"
EndProject
Global
	GlobalSection(SolutionConfigurationPlatforms) = preSolution
		Debug|Any CPU = Debug|Any CPU
		Release|Any CPU = Release|Any CPU
	EndGlobalSection
	GlobalSection(ProjectConfigurationPlatforms) = postSolution
		{FAFB0899-302A-9CAB-AA4E-4074B2F7D491}.Debug|Any CPU.ActiveCfg = Debug|Any CPU
		{FAFB0899-302A-9CAB-AA4E-4074B2F7D491}.Debug|Any CPU.Build.0 = Debug|Any CPU
		{FAFB0899-302A-9CAB-AA4E-4074B2F7D491}.Release|Any CPU.ActiveCfg = Release|Any CPU
		{FAFB0899-302A-9CAB-AA4E-4074B2F7D491}.Release|Any CPU.Build.0 = Release|Any CPU
		{7A873D58-C01E-BFBB-5534-2E5A59CFCCFF}.Debug|Any CPU.ActiveCfg = Debug|Any CPU
		{7A873D58-C01E-BFBB-5534-2E5A59CFCCFF}.Debug|Any CPU.Build.0 = Debug|Any CPU
		{7A873D58-C01E-BFBB-5534-2E5A59CFCCFF}.Release|Any CPU.ActiveCfg = Release|Any CPU
		{7A873D58-C01E-BFBB-5534-2E5A59CFCCFF}.Release|Any CPU.Build.0 = Release|Any CPU
		{2DD79D18-E924-4CBF-F884-EDA77F5F5CBD}.Debug|Any CPU.ActiveCfg = Debug|Any CPU
		{2DD79D18-E924-4CBF-F884-EDA77F5F5CBD}.Debug|Any CPU.Build.0 = Debug|Any CPU
		{2DD79D18-E924-4CBF-F884-EDA77F5F5CBD}.Release|Any CPU.ActiveCfg = Release|Any CPU
		{2DD79D18-E924-4CBF-F884-EDA77F5F5CBD}.Release|Any CPU.Build.0 = Release|Any CPU
	EndGlobalSection
	GlobalSection(SolutionProperties) = preSolution
		HideSolutionNode = FALSE
	EndGlobalSection
	GlobalSection(ExtensibilityGlobals) = postSolution
		SolutionGuid = {6FFEC56D-7D33-4744-A499-9C1D85A9CC0F}
	EndGlobalSection
EndGlobal
